
Microsoft Visual Studio Solution File, Format Version 12.00
# Visual Studio Version 17
VisualStudioVersion = 17.4.33110.190
MinimumVisualStudioVersion = 10.0.40219.1
Project("{9A19103F-16F7-4668-BE54-9A1E7A4F7556}") = "Sorting", "BinarySort\Sorting.csproj", "{0AC7B3CD-731D-4B7A-BA87-978807BC2E3E}"
EndProject
Global
	GlobalSection(SolutionConfigurationPlatforms) = preSolution
		Debug|Any CPU = Debug|Any CPU
		Release|Any CPU = Release|Any CPU
	EndGlobalSection
	GlobalSection(ProjectConfigurationPlatforms) = postSolution
		{0AC7B3CD-731D-4B7A-BA87-978807BC2E3E}.Debug|Any CPU.ActiveCfg = Debug|Any CPU
		{0AC7B3CD-731D-4B7A-BA87-978807BC2E3E}.Debug|Any CPU.Build.0 = Debug|Any CPU
		{0AC7B3CD-731D-4B7A-BA87-978807BC2E3E}.Release|Any CPU.ActiveCfg = Release|Any CPU
		{0AC7B3CD-731D-4B7A-BA87-978807BC2E3E}.Release|Any CPU.Build.0 = Release|Any CPU
	EndGlobalSection
	GlobalSection(SolutionProperties) = preSolution
		HideSolutionNode = FALSE
	EndGlobalSection
	GlobalSection(ExtensibilityGlobals) = postSolution
		SolutionGuid = {F803A4B6-A79A-44DC-A18E-5D87592FD75C}
	EndGlobalSection
EndGlobal
